{
    "_readme": [
        "This file locks the dependencies of your project to a known state",
        "Read more about it at https://getcomposer.org/doc/01-basic-usage.md#composer-lock-the-lock-file",
        "This file is @generated automatically"
    ],
    "content-hash": "22bde39677739855d6f3e7042da9ad70",
    "packages": [
        {
            "name": "shiphp/shiphp",
            "version": "dev-master",
            "source": {
                "type": "git",
                "url": "https://github.com/shiphp/shiphp.git",
                "reference": "72a2d79d0315ae9bd34a99d1e049f39b14388601"
            },
            "dist": {
                "type": "zip",
                "url": "https://api.github.com/repos/shiphp/shiphp/zipball/72a2d79d0315ae9bd34a99d1e049f39b14388601",
                "reference": "72a2d79d0315ae9bd34a99d1e049f39b14388601",
                "shasum": ""
            },
            "bin": [
                "bin/shiphp"
            ],
            "type": "library",
            "autoload": {
                "files": [
                    "src/shiphp"
                ]
            },
            "notification-url": "https://packagist.org/downloads/",
            "authors": [
                {
                    "name": "Karl Hughes",
                    "email": "khughes.me@gmail.com"
                }
            ],
            "description": "Command line tools for Shiphp framework.",
            "time": "2017-03-26 03:04:41"
        }
    ],
    "packages-dev": [],
    "aliases": [],
    "minimum-stability": "dev",
    "stability-flags": {
        "shiphp/shiphp": 20
    },
    "prefer-stable": false,
    "prefer-lowest": false,
    "platform": [],
    "platform-dev": []
}
